
Microsoft Visual Studio Solution File, Format Version 12.00
# Visual Studio 15
VisualStudioVersion = 15.0.27004.2002
MinimumVisualStudioVersion = 10.0.40219.1
Project("{FAE04EC0-301F-11D3-BF4B-00C04F79EFBC}") = "NordicStore.API", "NordicStore.API\NordicStore.API.csproj", "{78BCF1A2-5645-4B0F-A075-C31E4CEFA270}"
EndProject
Project("{FAE04EC0-301F-11D3-BF4B-00C04F79EFBC}") = "NordicStore.Domain", "NordicStore.Domain\NordicStore.Domain.csproj", "{4C1CB236-62F9-4731-B456-23F9FAFA1EB3}"
EndProject
Project("{FAE04EC0-301F-11D3-BF4B-00C04F79EFBC}") = "NordicStore.Infra", "NordicStore.Infra\NordicStore.Infra.csproj", "{F7854D5F-A064-4448-BB47-6C698E57AD05}"
EndProject
Project("{FAE04EC0-301F-11D3-BF4B-00C04F79EFBC}") = "NordicStore.Shared", "NordicStore.Shared\NordicStore.Shared.csproj", "{4A997048-B40A-4504-81EA-D47B0F15CD34}"
EndProject
Project("{FAE04EC0-301F-11D3-BF4B-00C04F79EFBC}") = "NordicStore.Tests", "NordicStore.Tests\NordicStore.Tests.csproj", "{BC47C4D5-F516-44BD-9AD8-11898CC9422C}"
EndProject
Global
	GlobalSection(SolutionConfigurationPlatforms) = preSolution
		Debug|Any CPU = Debug|Any CPU
		Release|Any CPU = Release|Any CPU
	EndGlobalSection
	GlobalSection(ProjectConfigurationPlatforms) = postSolution
		{78BCF1A2-5645-4B0F-A075-C31E4CEFA270}.Debug|Any CPU.ActiveCfg = Debug|Any CPU
		{78BCF1A2-5645-4B0F-A075-C31E4CEFA270}.Debug|Any CPU.Build.0 = Debug|Any CPU
		{78BCF1A2-5645-4B0F-A075-C31E4CEFA270}.Release|Any CPU.ActiveCfg = Release|Any CPU
		{78BCF1A2-5645-4B0F-A075-C31E4CEFA270}.Release|Any CPU.Build.0 = Release|Any CPU
		{4C1CB236-62F9-4731-B456-23F9FAFA1EB3}.Debug|Any CPU.ActiveCfg = Debug|Any CPU
		{4C1CB236-62F9-4731-B456-23F9FAFA1EB3}.Debug|Any CPU.Build.0 = Debug|Any CPU
		{4C1CB236-62F9-4731-B456-23F9FAFA1EB3}.Release|Any CPU.ActiveCfg = Release|Any CPU
		{4C1CB236-62F9-4731-B456-23F9FAFA1EB3}.Release|Any CPU.Build.0 = Release|Any CPU
		{F7854D5F-A064-4448-BB47-6C698E57AD05}.Debug|Any CPU.ActiveCfg = Debug|Any CPU
		{F7854D5F-A064-4448-BB47-6C698E57AD05}.Debug|Any CPU.Build.0 = Debug|Any CPU
		{F7854D5F-A064-4448-BB47-6C698E57AD05}.Release|Any CPU.ActiveCfg = Release|Any CPU
		{F7854D5F-A064-4448-BB47-6C698E57AD05}.Release|Any CPU.Build.0 = Release|Any CPU
		{4A997048-B40A-4504-81EA-D47B0F15CD34}.Debug|Any CPU.ActiveCfg = Debug|Any CPU
		{4A997048-B40A-4504-81EA-D47B0F15CD34}.Debug|Any CPU.Build.0 = Debug|Any CPU
		{4A997048-B40A-4504-81EA-D47B0F15CD34}.Release|Any CPU.ActiveCfg = Release|Any CPU
		{4A997048-B40A-4504-81EA-D47B0F15CD34}.Release|Any CPU.Build.0 = Release|Any CPU
		{BC47C4D5-F516-44BD-9AD8-11898CC9422C}.Debug|Any CPU.ActiveCfg = Debug|Any CPU
		{BC47C4D5-F516-44BD-9AD8-11898CC9422C}.Debug|Any CPU.Build.0 = Debug|Any CPU
		{BC47C4D5-F516-44BD-9AD8-11898CC9422C}.Release|Any CPU.ActiveCfg = Release|Any CPU
		{BC47C4D5-F516-44BD-9AD8-11898CC9422C}.Release|Any CPU.Build.0 = Release|Any CPU
	EndGlobalSection
	GlobalSection(SolutionProperties) = preSolution
		HideSolutionNode = FALSE
	EndGlobalSection
	GlobalSection(ExtensibilityGlobals) = postSolution
		SolutionGuid = {DD60D162-6211-406B-BD6E-5F65CA1E19A0}
	EndGlobalSection
EndGlobal
